// !$*UTF8*$!
{
	archiveVersion = 1;
	classes = {
	};
	objectVersion = 56;
	objects = {

/* Begin PBXBuildFile section */
		849D873D2C7C69A10030EBEF /* DeviceActivityManager.swift in Sources */ = {isa = PBXBuildFile; fileRef = 849D873C2C7C69A10030EBEF /* DeviceActivityManager.swift */; };
		84B4F7992C78A966004A65F5 /* AppBlockerApp.swift in Sources */ = {isa = PBXBuildFile; fileRef = 84B4F7982C78A966004A65F5 /* AppBlockerApp.swift */; };
		84B4F79B2C78A966004A65F5 /* ContentView.swift in Sources */ = {isa = PBXBuildFile; fileRef = 84B4F79A2C78A966004A65F5 /* ContentView.swift */; };
		84B4F79D2C78A968004A65F5 /* Assets.xcassets in Resources */ = {isa = PBXBuildFile; fileRef = 84B4F79C2C78A968004A65F5 /* Assets.xcassets */; };
		84B4F7A02C78A968004A65F5 /* Preview Assets.xcassets in Resources */ = {isa = PBXBuildFile; fileRef = 84B4F79F2C78A968004A65F5 /* Preview Assets.xcassets */; };
		84B4F7A72C78AA67004A65F5 /* FamilyControlsManager.swift in Sources */ = {isa = PBXBuildFile; fileRef = 84B4F7A62C78AA67004A65F5 /* FamilyControlsManager.swift */; };
		84B4F7A92C78AB74004A65F5 /* PermissionView.swift in Sources */ = {isa = PBXBuildFile; fileRef = 84B4F7A82C78AB74004A65F5 /* PermissionView.swift */; };
		84B4F7AC2C78B137004A65F5 /* ShieldManager.swift in Sources */ = {isa = PBXBuildFile; fileRef = 84B4F7AB2C78B137004A65F5 /* ShieldManager.swift */; };
		84B4F7AE2C78BB34004A65F5 /* UserSession.swift in Sources */ = {isa = PBXBuildFile; fileRef = 84B4F7AD2C78BB34004A65F5 /* UserSession.swift */; };
		84B4F7B62C78C92D004A65F5 /* DeviceActivity.framework in Frameworks */ = {isa = PBXBuildFile; fileRef = 84B4F7B52C78C92D004A65F5 /* DeviceActivity.framework */; };
		84B4F7B92C78C92D004A65F5 /* DeviceActivityMonitorExtension.swift in Sources */ = {isa = PBXBuildFile; fileRef = 84B4F7B82C78C92D004A65F5 /* DeviceActivityMonitorExtension.swift */; };
		84B4F7BE2C78C92D004A65F5 /* EmpowerDeviceActivityMonitor.appex in Embed Foundation Extensions */ = {isa = PBXBuildFile; fileRef = 84B4F7B32C78C92D004A65F5 /* EmpowerDeviceActivityMonitor.appex */; settings = {ATTRIBUTES = (RemoveHeadersOnCopy, ); }; };
		84B4F7C32C78C966004A65F5 /* DeviceActivityMonitorExtension.swift in Sources */ = {isa = PBXBuildFile; fileRef = 84B4F7B82C78C92D004A65F5 /* DeviceActivityMonitorExtension.swift */; };
/* End PBXBuildFile section */

/* Begin PBXContainerItemProxy section */
		84B4F7BC2C78C92D004A65F5 /* PBXContainerItemProxy */ = {
			isa = PBXContainerItemProxy;
			containerPortal = 84B4F78D2C78A966004A65F5 /* Project object */;
			proxyType = 1;
			remoteGlobalIDString = 84B4F7B22C78C92D004A65F5;
			remoteInfo = EmpowerDeviceActivityMonitor;
		};
/* End PBXContainerItemProxy section */

/* Begin PBXCopyFilesBuildPhase section */
		84B4F7C22C78C92D004A65F5 /* Embed Foundation Extensions */ = {
			isa = PBXCopyFilesBuildPhase;
			buildActionMask = 2147483647;
			dstPath = "";
			dstSubfolderSpec = 13;
			files = (
				84B4F7BE2C78C92D004A65F5 /* EmpowerDeviceActivityMonitor.appex in Embed Foundation Extensions */,
			);
			name = "Embed Foundation Extensions";
			runOnlyForDeploymentPostprocessing = 0;
		};
/* End PBXCopyFilesBuildPhase section */

/* Begin PBXFileReference section */
		849D873C2C7C69A10030EBEF /* DeviceActivityManager.swift */ = {isa = PBXFileReference; lastKnownFileType = sourcecode.swift; path = DeviceActivityManager.swift; sourceTree = "<group>"; };
		84B4F7952C78A966004A65F5 /* AppBlocker.app */ = {isa = PBXFileReference; explicitFileType = wrapper.application; includeInIndex = 0; path = AppBlocker.app; sourceTree = BUILT_PRODUCTS_DIR; };
		84B4F7982C78A966004A65F5 /* AppBlockerApp.swift */ = {isa = PBXFileReference; lastKnownFileType = sourcecode.swift; path = AppBlockerApp.swift; sourceTree = "<group>"; };
		84B4F79A2C78A966004A65F5 /* ContentView.swift */ = {isa = PBXFileReference; lastKnownFileType = sourcecode.swift; path = ContentView.swift; sourceTree = "<group>"; };
		84B4F79C2C78A968004A65F5 /* Assets.xcassets */ = {isa = PBXFileReference; lastKnownFileType = folder.assetcatalog; path = Assets.xcassets; sourceTree = "<group>"; };
		84B4F79F2C78A968004A65F5 /* Preview Assets.xcassets */ = {isa = PBXFileReference; lastKnownFileType = folder.assetcatalog; path = "Preview Assets.xcassets"; sourceTree = "<group>"; };
		84B4F7A62C78AA67004A65F5 /* FamilyControlsManager.swift */ = {isa = PBXFileReference; lastKnownFileType = sourcecode.swift; path = FamilyControlsManager.swift; sourceTree = "<group>"; };
		84B4F7A82C78AB74004A65F5 /* PermissionView.swift */ = {isa = PBXFileReference; lastKnownFileType = sourcecode.swift; path = PermissionView.swift; sourceTree = "<group>"; };
		84B4F7AA2C78AF56004A65F5 /* AppBlocker.entitlements */ = {isa = PBXFileReference; lastKnownFileType = text.plist.entitlements; path = AppBlocker.entitlements; sourceTree = "<group>"; };
		84B4F7AB2C78B137004A65F5 /* ShieldManager.swift */ = {isa = PBXFileReference; lastKnownFileType = sourcecode.swift; path = ShieldManager.swift; sourceTree = "<group>"; };
		84B4F7AD2C78BB34004A65F5 /* UserSession.swift */ = {isa = PBXFileReference; lastKnownFileType = sourcecode.swift; path = UserSession.swift; sourceTree = "<group>"; };
		84B4F7B32C78C92D004A65F5 /* EmpowerDeviceActivityMonitor.appex */ = {isa = PBXFileReference; explicitFileType = "wrapper.app-extension"; includeInIndex = 0; path = EmpowerDeviceActivityMonitor.appex; sourceTree = BUILT_PRODUCTS_DIR; };
		84B4F7B52C78C92D004A65F5 /* DeviceActivity.framework */ = {isa = PBXFileReference; lastKnownFileType = wrapper.framework; name = DeviceActivity.framework; path = System/Library/Frameworks/DeviceActivity.framework; sourceTree = SDKROOT; };
		84B4F7B82C78C92D004A65F5 /* DeviceActivityMonitorExtension.swift */ = {isa = PBXFileReference; lastKnownFileType = sourcecode.swift; path = DeviceActivityMonitorExtension.swift; sourceTree = "<group>"; };
		84B4F7BA2C78C92D004A65F5 /* Info.plist */ = {isa = PBXFileReference; lastKnownFileType = text.plist.xml; path = Info.plist; sourceTree = "<group>"; };
		84B4F7BB2C78C92D004A65F5 /* EmpowerDeviceActivityMonitor.entitlements */ = {isa = PBXFileReference; lastKnownFileType = text.plist.entitlements; path = EmpowerDeviceActivityMonitor.entitlements; sourceTree = "<group>"; };
/* End PBXFileReference section */

/* Begin PBXFrameworksBuildPhase section */
		84B4F7922C78A966004A65F5 /* Frameworks */ = {
			isa = PBXFrameworksBuildPhase;
			buildActionMask = 2147483647;
			files = (
			);
			runOnlyForDeploymentPostprocessing = 0;
		};
		84B4F7B02C78C92D004A65F5 /* Frameworks */ = {
			isa = PBXFrameworksBuildPhase;
			buildActionMask = 2147483647;
			files = (
				84B4F7B62C78C92D004A65F5 /* DeviceActivity.framework in Frameworks */,
			);
			runOnlyForDeploymentPostprocessing = 0;
		};
/* End PBXFrameworksBuildPhase section */

/* Begin PBXGroup section */
		849D873B2C7C69900030EBEF /* Utilities */ = {
			isa = PBXGroup;
			children = (
				84B4F7A62C78AA67004A65F5 /* FamilyControlsManager.swift */,
				849D873C2C7C69A10030EBEF /* DeviceActivityManager.swift */,
			);
			path = Utilities;
			sourceTree = "<group>";
		};
		84B4F78C2C78A966004A65F5 = {
			isa = PBXGroup;
			children = (
				84B4F7972C78A966004A65F5 /* AppBlocker */,
				84B4F7B72C78C92D004A65F5 /* EmpowerDeviceActivityMonitor */,
				84B4F7B42C78C92D004A65F5 /* Frameworks */,
				84B4F7962C78A966004A65F5 /* Products */,
			);
			sourceTree = "<group>";
		};
		84B4F7962C78A966004A65F5 /* Products */ = {
			isa = PBXGroup;
			children = (
				84B4F7952C78A966004A65F5 /* AppBlocker.app */,
				84B4F7B32C78C92D004A65F5 /* EmpowerDeviceActivityMonitor.appex */,
			);
			name = Products;
			sourceTree = "<group>";
		};
		84B4F7972C78A966004A65F5 /* AppBlocker */ = {
			isa = PBXGroup;
			children = (
				849D873B2C7C69900030EBEF /* Utilities */,
				84B4F7AA2C78AF56004A65F5 /* AppBlocker.entitlements */,
				84B4F7982C78A966004A65F5 /* AppBlockerApp.swift */,
				84B4F79A2C78A966004A65F5 /* ContentView.swift */,
				84B4F79C2C78A968004A65F5 /* Assets.xcassets */,
				84B4F79E2C78A968004A65F5 /* Preview Content */,
				84B4F7A82C78AB74004A65F5 /* PermissionView.swift */,
				84B4F7AB2C78B137004A65F5 /* ShieldManager.swift */,
				84B4F7AD2C78BB34004A65F5 /* UserSession.swift */,
			);
			path = AppBlocker;
			sourceTree = "<group>";
		};
		84B4F79E2C78A968004A65F5 /* Preview Content */ = {
			isa = PBXGroup;
			children = (
				84B4F79F2C78A968004A65F5 /* Preview Assets.xcassets */,
			);
			path = "Preview Content";
			sourceTree = "<group>";
		};
		84B4F7B42C78C92D004A65F5 /* Frameworks */ = {
			isa = PBXGroup;
			children = (
				84B4F7B52C78C92D004A65F5 /* DeviceActivity.framework */,
			);
			name = Frameworks;
			sourceTree = "<group>";
		};
		84B4F7B72C78C92D004A65F5 /* EmpowerDeviceActivityMonitor */ = {
			isa = PBXGroup;
			children = (
				84B4F7B82C78C92D004A65F5 /* DeviceActivityMonitorExtension.swift */,
				84B4F7BA2C78C92D004A65F5 /* Info.plist */,
				84B4F7BB2C78C92D004A65F5 /* EmpowerDeviceActivityMonitor.entitlements */,
			);
			path = EmpowerDeviceActivityMonitor;
			sourceTree = "<group>";
		};
/* End PBXGroup section */

/* Begin PBXNativeTarget section */
		84B4F7942C78A966004A65F5 /* AppBlocker */ = {
			isa = PBXNativeTarget;
			buildConfigurationList = 84B4F7A32C78A968004A65F5 /* Build configuration list for PBXNativeTarget "AppBlocker" */;
			buildPhases = (
				84B4F7912C78A966004A65F5 /* Sources */,
				84B4F7922C78A966004A65F5 /* Frameworks */,
				84B4F7932C78A966004A65F5 /* Resources */,
				84B4F7C22C78C92D004A65F5 /* Embed Foundation Extensions */,
			);
			buildRules = (
			);
			dependencies = (
				84B4F7BD2C78C92D004A65F5 /* PBXTargetDependency */,
			);
			name = AppBlocker;
			productName = AppBlocker;
			productReference = 84B4F7952C78A966004A65F5 /* AppBlocker.app */;
			productType = "com.apple.product-type.application";
		};
		84B4F7B22C78C92D004A65F5 /* EmpowerDeviceActivityMonitor */ = {
			isa = PBXNativeTarget;
			buildConfigurationList = 84B4F7BF2C78C92D004A65F5 /* Build configuration list for PBXNativeTarget "EmpowerDeviceActivityMonitor" */;
			buildPhases = (
				84B4F7AF2C78C92D004A65F5 /* Sources */,
				84B4F7B02C78C92D004A65F5 /* Frameworks */,
				84B4F7B12C78C92D004A65F5 /* Resources */,
			);
			buildRules = (
			);
			dependencies = (
			);
			name = EmpowerDeviceActivityMonitor;
			productName = EmpowerDeviceActivityMonitor;
			productReference = 84B4F7B32C78C92D004A65F5 /* EmpowerDeviceActivityMonitor.appex */;
			productType = "com.apple.product-type.app-extension";
		};
/* End PBXNativeTarget section */

/* Begin PBXProject section */
		84B4F78D2C78A966004A65F5 /* Project object */ = {
			isa = PBXProject;
			attributes = {
				BuildIndependentTargetsInParallel = 1;
				LastSwiftUpdateCheck = 1540;
				LastUpgradeCheck = 1540;
				TargetAttributes = {
					84B4F7942C78A966004A65F5 = {
						CreatedOnToolsVersion = 15.4;
					};
					84B4F7B22C78C92D004A65F5 = {
						CreatedOnToolsVersion = 15.4;
					};
				};
			};
			buildConfigurationList = 84B4F7902C78A966004A65F5 /* Build configuration list for PBXProject "AppBlocker" */;
			compatibilityVersion = "Xcode 14.0";
			developmentRegion = en;
			hasScannedForEncodings = 0;
			knownRegions = (
				en,
				Base,
			);
			mainGroup = 84B4F78C2C78A966004A65F5;
			productRefGroup = 84B4F7962C78A966004A65F5 /* Products */;
			projectDirPath = "";
			projectRoot = "";
			targets = (
				84B4F7942C78A966004A65F5 /* AppBlocker */,
				84B4F7B22C78C92D004A65F5 /* EmpowerDeviceActivityMonitor */,
			);
		};
/* End PBXProject section */

/* Begin PBXResourcesBuildPhase section */
		84B4F7932C78A966004A65F5 /* Resources */ = {
			isa = PBXResourcesBuildPhase;
			buildActionMask = 2147483647;
			files = (
				84B4F7A02C78A968004A65F5 /* Preview Assets.xcassets in Resources */,
				84B4F79D2C78A968004A65F5 /* Assets.xcassets in Resources */,
			);
			runOnlyForDeploymentPostprocessing = 0;
		};
		84B4F7B12C78C92D004A65F5 /* Resources */ = {
			isa = PBXResourcesBuildPhase;
			buildActionMask = 2147483647;
			files = (
			);
			runOnlyForDeploymentPostprocessing = 0;
		};
/* End PBXResourcesBuildPhase section */

/* Begin PBXSourcesBuildPhase section */
		84B4F7912C78A966004A65F5 /* Sources */ = {
			isa = PBXSourcesBuildPhase;
			buildActionMask = 2147483647;
			files = (
				84B4F79B2C78A966004A65F5 /* ContentView.swift in Sources */,
				84B4F7A72C78AA67004A65F5 /* FamilyControlsManager.swift in Sources */,
				84B4F7AE2C78BB34004A65F5 /* UserSession.swift in Sources */,
				84B4F7C32C78C966004A65F5 /* DeviceActivityMonitorExtension.swift in Sources */,
				84B4F7AC2C78B137004A65F5 /* ShieldManager.swift in Sources */,
				84B4F7992C78A966004A65F5 /* AppBlockerApp.swift in Sources */,
				849D873D2C7C69A10030EBEF /* DeviceActivityManager.swift in Sources */,
				84B4F7A92C78AB74004A65F5 /* PermissionView.swift in Sources */,
			);
			runOnlyForDeploymentPostprocessing = 0;
		};
		84B4F7AF2C78C92D004A65F5 /* Sources */ = {
			isa = PBXSourcesBuildPhase;
			buildActionMask = 2147483647;
			files = (
				84B4F7B92C78C92D004A65F5 /* DeviceActivityMonitorExtension.swift in Sources */,
			);
			runOnlyForDeploymentPostprocessing = 0;
		};
/* End PBXSourcesBuildPhase section */

/* Begin PBXTargetDependency section */
		84B4F7BD2C78C92D004A65F5 /* PBXTargetDependency */ = {
			isa = PBXTargetDependency;
			target = 84B4F7B22C78C92D004A65F5 /* EmpowerDeviceActivityMonitor */;
			targetProxy = 84B4F7BC2C78C92D004A65F5 /* PBXContainerItemProxy */;
		};
/* End PBXTargetDependency section */

/* Begin XCBuildConfiguration section */
		84B4F7A12C78A968004A65F5 /* Debug */ = {
			isa = XCBuildConfiguration;
			buildSettings = {
				ALWAYS_SEARCH_USER_PATHS = NO;
				ASSETCATALOG_COMPILER_GENERATE_SWIFT_ASSET_SYMBOL_EXTENSIONS = YES;
				CLANG_ANALYZER_NONNULL = YES;
				CLANG_ANALYZER_NUMBER_OBJECT_CONVERSION = YES_AGGRESSIVE;
				CLANG_CXX_LANGUAGE_STANDARD = "gnu++20";
				CLANG_ENABLE_MODULES = YES;
				CLANG_ENABLE_OBJC_ARC = YES;
				CLANG_ENABLE_OBJC_WEAK = YES;
				CLANG_WARN_BLOCK_CAPTURE_AUTORELEASING = YES;
				CLANG_WARN_BOOL_CONVERSION = YES;
				CLANG_WARN_COMMA = YES;
				CLANG_WARN_CONSTANT_CONVERSION = YES;
				CLANG_WARN_DEPRECATED_OBJC_IMPLEMENTATIONS = YES;
				CLANG_WARN_DIRECT_OBJC_ISA_USAGE = YES_ERROR;
				CLANG_WARN_DOCUMENTATION_COMMENTS = YES;
				CLANG_WARN_EMPTY_BODY = YES;
				CLANG_WARN_ENUM_CONVERSION = YES;
				CLANG_WARN_INFINITE_RECURSION = YES;
				CLANG_WARN_INT_CONVERSION = YES;
				CLANG_WARN_NON_LITERAL_NULL_CONVERSION = YES;
				CLANG_WARN_OBJC_IMPLICIT_RETAIN_SELF = YES;
				CLANG_WARN_OBJC_LITERAL_CONVERSION = YES;
				CLANG_WARN_OBJC_ROOT_CLASS = YES_ERROR;
				CLANG_WARN_QUOTED_INCLUDE_IN_FRAMEWORK_HEADER = YES;
				CLANG_WARN_RANGE_LOOP_ANALYSIS = YES;
				CLANG_WARN_STRICT_PROTOTYPES = YES;
				CLANG_WARN_SUSPICIOUS_MOVE = YES;
				CLANG_WARN_UNGUARDED_AVAILABILITY = YES_AGGRESSIVE;
				CLANG_WARN_UNREACHABLE_CODE = YES;
				CLANG_WARN__DUPLICATE_METHOD_MATCH = YES;
				COPY_PHASE_STRIP = NO;
				DEBUG_INFORMATION_FORMAT = dwarf;
				ENABLE_STRICT_OBJC_MSGSEND = YES;
				ENABLE_TESTABILITY = YES;
				ENABLE_USER_SCRIPT_SANDBOXING = YES;
				GCC_C_LANGUAGE_STANDARD = gnu17;
				GCC_DYNAMIC_NO_PIC = NO;
				GCC_NO_COMMON_BLOCKS = YES;
				GCC_OPTIMIZATION_LEVEL = 0;
				GCC_PREPROCESSOR_DEFINITIONS = (
					"DEBUG=1",
					"$(inherited)",
				);
				GCC_WARN_64_TO_32_BIT_CONVERSION = YES;
				GCC_WARN_ABOUT_RETURN_TYPE = YES_ERROR;
				GCC_WARN_UNDECLARED_SELECTOR = YES;
				GCC_WARN_UNINITIALIZED_AUTOS = YES_AGGRESSIVE;
				GCC_WARN_UNUSED_FUNCTION = YES;
				GCC_WARN_UNUSED_VARIABLE = YES;
				IPHONEOS_DEPLOYMENT_TARGET = 17.5;
				LOCALIZATION_PREFERS_STRING_CATALOGS = YES;
				MTL_ENABLE_DEBUG_INFO = INCLUDE_SOURCE;
				MTL_FAST_MATH = YES;
				ONLY_ACTIVE_ARCH = YES;
				SDKROOT = iphoneos;
				SWIFT_ACTIVE_COMPILATION_CONDITIONS = "DEBUG $(inherited)";
				SWIFT_OPTIMIZATION_LEVEL = "-Onone";
			};
			name = Debug;
		};
		84B4F7A22C78A968004A65F5 /* Release */ = {
			isa = XCBuildConfiguration;
			buildSettings = {
				ALWAYS_SEARCH_USER_PATHS = NO;
				ASSETCATALOG_COMPILER_GENERATE_SWIFT_ASSET_SYMBOL_EXTENSIONS = YES;
				CLANG_ANALYZER_NONNULL = YES;
				CLANG_ANALYZER_NUMBER_OBJECT_CONVERSION = YES_AGGRESSIVE;
				CLANG_CXX_LANGUAGE_STANDARD = "gnu++20";
				CLANG_ENABLE_MODULES = YES;
				CLANG_ENABLE_OBJC_ARC = YES;
				CLANG_ENABLE_OBJC_WEAK = YES;
				CLANG_WARN_BLOCK_CAPTURE_AUTORELEASING = YES;
				CLANG_WARN_BOOL_CONVERSION = YES;
				CLANG_WARN_COMMA = YES;
				CLANG_WARN_CONSTANT_CONVERSION = YES;
				CLANG_WARN_DEPRECATED_OBJC_IMPLEMENTATIONS = YES;
				CLANG_WARN_DIRECT_OBJC_ISA_USAGE = YES_ERROR;
				CLANG_WARN_DOCUMENTATION_COMMENTS = YES;
				CLANG_WARN_EMPTY_BODY = YES;
				CLANG_WARN_ENUM_CONVERSION = YES;
				CLANG_WARN_INFINITE_RECURSION = YES;
				CLANG_WARN_INT_CONVERSION = YES;
				CLANG_WARN_NON_LITERAL_NULL_CONVERSION = YES;
				CLANG_WARN_OBJC_IMPLICIT_RETAIN_SELF = YES;
				CLANG_WARN_OBJC_LITERAL_CONVERSION = YES;
				CLANG_WARN_OBJC_ROOT_CLASS = YES_ERROR;
				CLANG_WARN_QUOTED_INCLUDE_IN_FRAMEWORK_HEADER = YES;
				CLANG_WARN_RANGE_LOOP_ANALYSIS = YES;
				CLANG_WARN_STRICT_PROTOTYPES = YES;
				CLANG_WARN_SUSPICIOUS_MOVE = YES;
				CLANG_WARN_UNGUARDED_AVAILABILITY = YES_AGGRESSIVE;
				CLANG_WARN_UNREACHABLE_CODE = YES;
				CLANG_WARN__DUPLICATE_METHOD_MATCH = YES;
				COPY_PHASE_STRIP = NO;
				DEBUG_INFORMATION_FORMAT = "dwarf-with-dsym";
				ENABLE_NS_ASSERTIONS = NO;
				ENABLE_STRICT_OBJC_MSGSEND = YES;
				ENABLE_USER_SCRIPT_SANDBOXING = YES;
				GCC_C_LANGUAGE_STANDARD = gnu17;
				GCC_NO_COMMON_BLOCKS = YES;
				GCC_WARN_64_TO_32_BIT_CONVERSION = YES;
				GCC_WARN_ABOUT_RETURN_TYPE = YES_ERROR;
				GCC_WARN_UNDECLARED_SELECTOR = YES;
				GCC_WARN_UNINITIALIZED_AUTOS = YES_AGGRESSIVE;
				GCC_WARN_UNUSED_FUNCTION = YES;
				GCC_WARN_UNUSED_VARIABLE = YES;
				IPHONEOS_DEPLOYMENT_TARGET = 17.5;
				LOCALIZATION_PREFERS_STRING_CATALOGS = YES;
				MTL_ENABLE_DEBUG_INFO = NO;
				MTL_FAST_MATH = YES;
				SDKROOT = iphoneos;
				SWIFT_COMPILATION_MODE = wholemodule;
				VALIDATE_PRODUCT = YES;
			};
			name = Release;
		};
		84B4F7A42C78A968004A65F5 /* Debug */ = {
			isa = XCBuildConfiguration;
			buildSettings = {
				ALWAYS_EMBED_SWIFT_STANDARD_LIBRARIES = YES;
				ASSETCATALOG_COMPILER_APPICON_NAME = AppIcon;
				ASSETCATALOG_COMPILER_GLOBAL_ACCENT_COLOR_NAME = AccentColor;
				CODE_SIGN_ENTITLEMENTS = AppBlocker/AppBlocker.entitlements;
				CODE_SIGN_STYLE = Automatic;
				CURRENT_PROJECT_VERSION = 1;
				DEVELOPMENT_ASSET_PATHS = "\"AppBlocker/Preview Content\"";
				DEVELOPMENT_TEAM = 6RDRZ62R84;
				ENABLE_PREVIEWS = YES;
				GENERATE_INFOPLIST_FILE = YES;
				INFOPLIST_KEY_UIApplicationSceneManifest_Generation = YES;
				INFOPLIST_KEY_UIApplicationSupportsIndirectInputEvents = YES;
				INFOPLIST_KEY_UILaunchScreen_Generation = YES;
				INFOPLIST_KEY_UISupportedInterfaceOrientations_iPad = "UIInterfaceOrientationPortrait UIInterfaceOrientationPortraitUpsideDown UIInterfaceOrientationLandscapeLeft UIInterfaceOrientationLandscapeRight";
				INFOPLIST_KEY_UISupportedInterfaceOrientations_iPhone = "UIInterfaceOrientationPortrait UIInterfaceOrientationLandscapeLeft UIInterfaceOrientationLandscapeRight";
				IPHONEOS_DEPLOYMENT_TARGET = 16.0;
				LD_RUNPATH_SEARCH_PATHS = (
					"$(inherited)",
					"@executable_path/Frameworks",
				);
				MARKETING_VERSION = 1.0;
				PRODUCT_BUNDLE_IDENTIFIER = com.arhamsoft.zmk.AppBlocker;
				PRODUCT_NAME = "$(TARGET_NAME)";
				SWIFT_EMIT_LOC_STRINGS = YES;
				SWIFT_VERSION = 5.0;
				TARGETED_DEVICE_FAMILY = "1,2";
			};
			name = Debug;
		};
		84B4F7A52C78A968004A65F5 /* Release */ = {
			isa = XCBuildConfiguration;
			buildSettings = {
				ALWAYS_EMBED_SWIFT_STANDARD_LIBRARIES = YES;
				ASSETCATALOG_COMPILER_APPICON_NAME = AppIcon;
				ASSETCATALOG_COMPILER_GLOBAL_ACCENT_COLOR_NAME = AccentColor;
				CODE_SIGN_ENTITLEMENTS = AppBlocker/AppBlocker.entitlements;
				CODE_SIGN_STYLE = Automatic;
				CURRENT_PROJECT_VERSION = 1;
				DEVELOPMENT_ASSET_PATHS = "\"AppBlocker/Preview Content\"";
				DEVELOPMENT_TEAM = 6RDRZ62R84;
				ENABLE_PREVIEWS = YES;
				GENERATE_INFOPLIST_FILE = YES;
				INFOPLIST_KEY_UIApplicationSceneManifest_Generation = YES;
				INFOPLIST_KEY_UIApplicationSupportsIndirectInputEvents = YES;
				INFOPLIST_KEY_UILaunchScreen_Generation = YES;
				INFOPLIST_KEY_UISupportedInterfaceOrientations_iPad = "UIInterfaceOrientationPortrait UIInterfaceOrientationPortraitUpsideDown UIInterfaceOrientationLandscapeLeft UIInterfaceOrientationLandscapeRight";
				INFOPLIST_KEY_UISupportedInterfaceOrientations_iPhone = "UIInterfaceOrientationPortrait UIInterfaceOrientationLandscapeLeft UIInterfaceOrientationLandscapeRight";
				IPHONEOS_DEPLOYMENT_TARGET = 16.0;
				LD_RUNPATH_SEARCH_PATHS = (
					"$(inherited)",
					"@executable_path/Frameworks",
				);
				MARKETING_VERSION = 1.0;
				PRODUCT_BUNDLE_IDENTIFIER = com.arhamsoft.zmk.AppBlocker;
				PRODUCT_NAME = "$(TARGET_NAME)";
				SWIFT_EMIT_LOC_STRINGS = YES;
				SWIFT_VERSION = 5.0;
				TARGETED_DEVICE_FAMILY = "1,2";
			};
			name = Release;
		};
		84B4F7C02C78C92D004A65F5 /* Debug */ = {
			isa = XCBuildConfiguration;
			buildSettings = {
				CODE_SIGN_ENTITLEMENTS = EmpowerDeviceActivityMonitor/EmpowerDeviceActivityMonitor.entitlements;
				CODE_SIGN_STYLE = Automatic;
				CURRENT_PROJECT_VERSION = 1;
				DEVELOPMENT_TEAM = 6RDRZ62R84;
				GENERATE_INFOPLIST_FILE = YES;
				INFOPLIST_FILE = EmpowerDeviceActivityMonitor/Info.plist;
				INFOPLIST_KEY_CFBundleDisplayName = EmpowerDeviceActivityMonitor;
				INFOPLIST_KEY_NSHumanReadableCopyright = "";
				LD_RUNPATH_SEARCH_PATHS = (
					"$(inherited)",
					"@executable_path/Frameworks",
					"@executable_path/../../Frameworks",
				);
				MARKETING_VERSION = 1.0;
				PRODUCT_BUNDLE_IDENTIFIER = com.arhamsoft.zmk.AppBlocker.EmpowerDeviceActivityMonitor;
				PRODUCT_NAME = "$(TARGET_NAME)";
				SKIP_INSTALL = YES;
				SWIFT_EMIT_LOC_STRINGS = YES;
				SWIFT_VERSION = 5.0;
				TARGETED_DEVICE_FAMILY = "1,2";
			};
			name = Debug;
		};
		84B4F7C12C78C92D004A65F5 /* Release */ = {
			isa = XCBuildConfiguration;
			buildSettings = {
				CODE_SIGN_ENTITLEMENTS = EmpowerDeviceActivityMonitor/EmpowerDeviceActivityMonitor.entitlements;
				CODE_SIGN_STYLE = Automatic;
				CURRENT_PROJECT_VERSION = 1;
				DEVELOPMENT_TEAM = 6RDRZ62R84;
				GENERATE_INFOPLIST_FILE = YES;
				INFOPLIST_FILE = EmpowerDeviceActivityMonitor/Info.plist;
				INFOPLIST_KEY_CFBundleDisplayName = EmpowerDeviceActivityMonitor;
				INFOPLIST_KEY_NSHumanReadableCopyright = "";
				LD_RUNPATH_SEARCH_PATHS = (
					"$(inherited)",
					"@executable_path/Frameworks",
					"@executable_path/../../Frameworks",
				);
				MARKETING_VERSION = 1.0;
				PRODUCT_BUNDLE_IDENTIFIER = com.arhamsoft.zmk.AppBlocker.EmpowerDeviceActivityMonitor;
				PRODUCT_NAME = "$(TARGET_NAME)";
				SKIP_INSTALL = YES;
				SWIFT_EMIT_LOC_STRINGS = YES;
				SWIFT_VERSION = 5.0;
				TARGETED_DEVICE_FAMILY = "1,2";
			};
			name = Release;
		};
/* End XCBuildConfiguration section */

/* Begin XCConfigurationList section */
		84B4F7902C78A966004A65F5 /* Build configuration list for PBXProject "AppBlocker" */ = {
			isa = XCConfigurationList;
			buildConfigurations = (
				84B4F7A12C78A968004A65F5 /* Debug */,
				84B4F7A22C78A968004A65F5 /* Release */,
			);
			defaultConfigurationIsVisible = 0;
			defaultConfigurationName = Release;
		};
		84B4F7A32C78A968004A65F5 /* Build configuration list for PBXNativeTarget "AppBlocker" */ = {
			isa = XCConfigurationList;
			buildConfigurations = (
				84B4F7A42C78A968004A65F5 /* Debug */,
				84B4F7A52C78A968004A65F5 /* Release */,
			);
			defaultConfigurationIsVisible = 0;
			defaultConfigurationName = Release;
		};
		84B4F7BF2C78C92D004A65F5 /* Build configuration list for PBXNativeTarget "EmpowerDeviceActivityMonitor" */ = {
			isa = XCConfigurationList;
			buildConfigurations = (
				84B4F7C02C78C92D004A65F5 /* Debug */,
				84B4F7C12C78C92D004A65F5 /* Release */,
			);
			defaultConfigurationIsVisible = 0;
			defaultConfigurationName = Release;
		};
/* End XCConfigurationList section */
	};
	rootObject = 84B4F78D2C78A966004A65F5 /* Project object */;
}
